
Microsoft Visual Studio Solution File, Format Version 12.00
# Visual Studio Version 17
VisualStudioVersion = 17.4.33110.190
MinimumVisualStudioVersion = 10.0.40219.1
Project("{9A19103F-16F7-4668-BE54-9A1E7A4F7556}") = "Mood Analyzer Problem", "Mood Analyzer Problem.csproj", "{A553BE33-2717-4FA6-89E1-F7730634D2DC}"
EndProject
Project("{FAE04EC0-301F-11D3-BF4B-00C04F79EFBC}") = "MoodAnalyzerTest", "..\TestProject1\MoodAnalyzerTest.csproj", "{B050FC3C-A97A-4FF4-9E8A-BFE996171297}"
EndProject
Global
	GlobalSection(SolutionConfigurationPlatforms) = preSolution
		Debug|Any CPU = Debug|Any CPU
		Release|Any CPU = Release|Any CPU
	EndGlobalSection
	GlobalSection(ProjectConfigurationPlatforms) = postSolution
		{A553BE33-2717-4FA6-89E1-F7730634D2DC}.Debug|Any CPU.ActiveCfg = Debug|Any CPU
		{A553BE33-2717-4FA6-89E1-F7730634D2DC}.Debug|Any CPU.Build.0 = Debug|Any CPU
		{A553BE33-2717-4FA6-89E1-F7730634D2DC}.Release|Any CPU.ActiveCfg = Release|Any CPU
		{A553BE33-2717-4FA6-89E1-F7730634D2DC}.Release|Any CPU.Build.0 = Release|Any CPU
		{B050FC3C-A97A-4FF4-9E8A-BFE996171297}.Debug|Any CPU.ActiveCfg = Debug|Any CPU
		{B050FC3C-A97A-4FF4-9E8A-BFE996171297}.Debug|Any CPU.Build.0 = Debug|Any CPU
		{B050FC3C-A97A-4FF4-9E8A-BFE996171297}.Release|Any CPU.ActiveCfg = Release|Any CPU
		{B050FC3C-A97A-4FF4-9E8A-BFE996171297}.Release|Any CPU.Build.0 = Release|Any CPU
	EndGlobalSection
	GlobalSection(SolutionProperties) = preSolution
		HideSolutionNode = FALSE
	EndGlobalSection
	GlobalSection(ExtensibilityGlobals) = postSolution
		SolutionGuid = {B0A71B80-4B87-464F-8884-14C6009BD5BB}
	EndGlobalSection
EndGlobal
